# This file is autogenerated, do not edit; changes may be undone by the next 'dep ensure'.


[[projects]]
  branch = "master"
  digest = "1:1120f960f5c334f0f94bad29eefaf73d52d226893369693686148f66c1993f15"
  name = "github.com/gin-contrib/sse"
  packages = ["."]
  pruneopts = ""
  revision = "22d885f9ecc78bf4ee5d72b937e4bbcdc58e8cae"

[[projects]]
  digest = "1:348ceb76f2ac958e541e4ba3190484b68df28c38ac9720ed4ef8d36af69ce52e"
  name = "github.com/gin-gonic/gin"
  packages = [
    ".",
    "binding",
    "render",
  ]
  pruneopts = ""
  revision = "d459835d2b077e44f7c9b453505ee29881d5d12d"
  version = "v1.2"

[[projects]]
  branch = "master"
  digest = "1:27854310d59099f8dcc61dd8af4a69f0a3597f001154b2fb4d1c41baf2e31ec1"
  name = "github.com/golang/protobuf"
  packages = ["proto"]
  pruneopts = ""
  revision = "130e6b02ab059e7b717a096f397c5b60111cae74"

[[projects]]
  digest = "1:420bb8eabfa6dff0cb5c8e786489a420e7e9d93a8b1d83882cce70c5a5b9bc3e"
  name = "github.com/mattn/go-isatty"
  packages = ["."]
  pruneopts = ""
  revision = "fc9e8d8ef48496124e79ae0df75490096eccf6fe"
  version = "v0.0.2"

[[projects]]
  digest = "1:6b55df4b0517a459af9d3879c99330af4367adcf45f3d0d37ded80a6272ae057"
  name = "github.com/satori/go.uuid"
  packages = ["."]
  pruneopts = ""
  revision = "879c5887cd475cd7864858769793b2ceb0d44feb"
  version = "v1.1.0"

[[projects]]
  branch = "master"
  digest = "1:6c2dd6300fe09b324487d1f11205ecb9a8f6ae7be14fb8d1ed1f0b6f964a2842"
  name = "github.com/ugorji/go"
  packages = ["codec"]
  pruneopts = ""
  revision = "54210f4e076c57f351166f0ed60e67d3fca57a36"

[[projects]]
  branch = "master"
  digest = "1:4f4e4821bea6e7173364c8fd8fceb9bfa2cb3368f0d312e866137a4ec8d364d3"
  name = "golang.org/x/sys"
  packages = ["unix"]
  pruneopts = ""
  revision = "429f518978ab01db8bb6f44b66785088e7fba58b"

[[projects]]
  digest = "1:dd549e360e5a8f982a28c2bcbe667307ceffe538ed9afc7c965524f1ac285b3f"
  name = "gopkg.in/go-playground/validator.v8"
  packages = ["."]
  pruneopts = ""
  revision = "5f1438d3fca68893a817e4a66806cea46a9e4ebf"
  version = "v8.18.2"

[[projects]]
  branch = "v2"
  digest = "1:81314a486195626940617e43740b4fa073f265b0715c9f54ce2027fee1cb5f61"
  name = "gopkg.in/yaml.v2"
  packages = ["."]
  pruneopts = ""
  revision = "eb3733d160e74a9c7e442f435eb3bea458e1d19f"

[solve-meta]
  analyzer-name = "dep"
  analyzer-version = 1
  input-imports = [
    "github.com/gin-gonic/gin",
    "github.com/satori/go.uuid",
  ]
  solver-name = "gps-cdcl"
  solver-version = 1
